
Microsoft Visual Studio Solution File, Format Version 12.00
# Visual Studio 15
VisualStudioVersion = 15.0.27703.2000
MinimumVisualStudioVersion = 10.0.40219.1
Project("{FAE04EC0-301F-11D3-BF4B-00C04F79EFBC}") = "OBeautifulCode.ParameterValidation", "OBeautifulCode.ParameterValidation\OBeautifulCode.ParameterValidation.csproj", "{DEAA68EF-AD9D-4498-A738-2D9E20474782}"
EndProject
Project("{2150E333-8FDC-42A3-9474-1A3956D46DE8}") = "Solution Items", "Solution Items", "{F5FD3125-7EB7-4311-AB2E-407A5C38584C}"
	ProjectSection(SolutionItems) = preProject
		LICENSE = LICENSE
	EndProjectSection
EndProject
Project("{FAE04EC0-301F-11D3-BF4B-00C04F79EFBC}") = "OBeautifulCode.ParameterValidation.Test", "OBeautifulCode.ParameterValidation.Test\OBeautifulCode.ParameterValidation.Test.csproj", "{7A6A386D-906D-406B-9AC3-0E59E7F62340}"
EndProject
Global
	GlobalSection(SolutionConfigurationPlatforms) = preSolution
		Debug|Any CPU = Debug|Any CPU
		Release|Any CPU = Release|Any CPU
	EndGlobalSection
	GlobalSection(ProjectConfigurationPlatforms) = postSolution
		{DEAA68EF-AD9D-4498-A738-2D9E20474782}.Debug|Any CPU.ActiveCfg = Debug|Any CPU
		{DEAA68EF-AD9D-4498-A738-2D9E20474782}.Debug|Any CPU.Build.0 = Debug|Any CPU
		{DEAA68EF-AD9D-4498-A738-2D9E20474782}.Release|Any CPU.ActiveCfg = Release|Any CPU
		{DEAA68EF-AD9D-4498-A738-2D9E20474782}.Release|Any CPU.Build.0 = Release|Any CPU
		{7A6A386D-906D-406B-9AC3-0E59E7F62340}.Debug|Any CPU.ActiveCfg = Debug|Any CPU
		{7A6A386D-906D-406B-9AC3-0E59E7F62340}.Debug|Any CPU.Build.0 = Debug|Any CPU
		{7A6A386D-906D-406B-9AC3-0E59E7F62340}.Release|Any CPU.ActiveCfg = Release|Any CPU
		{7A6A386D-906D-406B-9AC3-0E59E7F62340}.Release|Any CPU.Build.0 = Release|Any CPU
	EndGlobalSection
	GlobalSection(SolutionProperties) = preSolution
		HideSolutionNode = FALSE
	EndGlobalSection
	GlobalSection(ExtensibilityGlobals) = postSolution
		SolutionGuid = {88091DF4-888A-4AE5-ADDF-96042F6A40AF}
	EndGlobalSection
EndGlobal
